
Microsoft Visual Studio Solution File, Format Version 12.00
# Visual Studio Version 17
VisualStudioVersion = 17.0.31903.59
MinimumVisualStudioVersion = 10.0.40219.1
Project("{FAE04EC0-301F-11D3-BF4B-00C04F79EFBC}") = "TaskManagement.Api", "TaskManagement.Api\TaskManagement.Api.csproj", "{CD9CE2E2-4327-4DAF-87D4-79DA2F2E0DDC}"
EndProject
Project("{FAE04EC0-301F-11D3-BF4B-00C04F79EFBC}") = "TaskManagement.Application", "TaskManagement.Application\TaskManagement.Application.csproj", "{8DF27DED-8EBE-4ACC-B352-EB32DB51328E}"
EndProject
Project("{FAE04EC0-301F-11D3-BF4B-00C04F79EFBC}") = "TaskManagement.Domain", "TaskManagement.Domain\TaskManagement.Domain.csproj", "{7BC70461-8565-4735-8C52-9A7357AB9968}"
EndProject
Project("{FAE04EC0-301F-11D3-BF4B-00C04F79EFBC}") = "TaskManagement.Infrastructure", "TaskManagement.Infrastructure\TaskManagement.Infrastructure.csproj", "{6278E249-0F48-4524-ADBA-C86343AAC075}"
EndProject
Project("{FAE04EC0-301F-11D3-BF4B-00C04F79EFBC}") = "TaskManagement.Tests", "TaskManagement.Tests\TaskManagement.Tests.csproj", "{554C9774-0270-4816-993F-7B82CF578970}"
EndProject
Global
	GlobalSection(SolutionConfigurationPlatforms) = preSolution
		Debug|Any CPU = Debug|Any CPU
		Debug|x64 = Debug|x64
		Debug|x86 = Debug|x86
		Release|Any CPU = Release|Any CPU
		Release|x64 = Release|x64
		Release|x86 = Release|x86
	EndGlobalSection
	GlobalSection(ProjectConfigurationPlatforms) = postSolution
		{CD9CE2E2-4327-4DAF-87D4-79DA2F2E0DDC}.Debug|Any CPU.ActiveCfg = Debug|Any CPU
		{CD9CE2E2-4327-4DAF-87D4-79DA2F2E0DDC}.Debug|Any CPU.Build.0 = Debug|Any CPU
		{CD9CE2E2-4327-4DAF-87D4-79DA2F2E0DDC}.Debug|x64.ActiveCfg = Debug|Any CPU
		{CD9CE2E2-4327-4DAF-87D4-79DA2F2E0DDC}.Debug|x64.Build.0 = Debug|Any CPU
		{CD9CE2E2-4327-4DAF-87D4-79DA2F2E0DDC}.Debug|x86.ActiveCfg = Debug|Any CPU
		{CD9CE2E2-4327-4DAF-87D4-79DA2F2E0DDC}.Debug|x86.Build.0 = Debug|Any CPU
		{CD9CE2E2-4327-4DAF-87D4-79DA2F2E0DDC}.Release|Any CPU.ActiveCfg = Release|Any CPU
		{CD9CE2E2-4327-4DAF-87D4-79DA2F2E0DDC}.Release|Any CPU.Build.0 = Release|Any CPU
		{CD9CE2E2-4327-4DAF-87D4-79DA2F2E0DDC}.Release|x64.ActiveCfg = Release|Any CPU
		{CD9CE2E2-4327-4DAF-87D4-79DA2F2E0DDC}.Release|x64.Build.0 = Release|Any CPU
		{CD9CE2E2-4327-4DAF-87D4-79DA2F2E0DDC}.Release|x86.ActiveCfg = Release|Any CPU
		{CD9CE2E2-4327-4DAF-87D4-79DA2F2E0DDC}.Release|x86.Build.0 = Release|Any CPU
		{8DF27DED-8EBE-4ACC-B352-EB32DB51328E}.Debug|Any CPU.ActiveCfg = Debug|Any CPU
		{8DF27DED-8EBE-4ACC-B352-EB32DB51328E}.Debug|Any CPU.Build.0 = Debug|Any CPU
		{8DF27DED-8EBE-4ACC-B352-EB32DB51328E}.Debug|x64.ActiveCfg = Debug|Any CPU
		{8DF27DED-8EBE-4ACC-B352-EB32DB51328E}.Debug|x64.Build.0 = Debug|Any CPU
		{8DF27DED-8EBE-4ACC-B352-EB32DB51328E}.Debug|x86.ActiveCfg = Debug|Any CPU
		{8DF27DED-8EBE-4ACC-B352-EB32DB51328E}.Debug|x86.Build.0 = Debug|Any CPU
		{8DF27DED-8EBE-4ACC-B352-EB32DB51328E}.Release|Any CPU.ActiveCfg = Release|Any CPU
		{8DF27DED-8EBE-4ACC-B352-EB32DB51328E}.Release|Any CPU.Build.0 = Release|Any CPU
		{8DF27DED-8EBE-4ACC-B352-EB32DB51328E}.Release|x64.ActiveCfg = Release|Any CPU
		{8DF27DED-8EBE-4ACC-B352-EB32DB51328E}.Release|x64.Build.0 = Release|Any CPU
		{8DF27DED-8EBE-4ACC-B352-EB32DB51328E}.Release|x86.ActiveCfg = Release|Any CPU
		{8DF27DED-8EBE-4ACC-B352-EB32DB51328E}.Release|x86.Build.0 = Release|Any CPU
		{7BC70461-8565-4735-8C52-9A7357AB9968}.Debug|Any CPU.ActiveCfg = Debug|Any CPU
		{7BC70461-8565-4735-8C52-9A7357AB9968}.Debug|Any CPU.Build.0 = Debug|Any CPU
		{7BC70461-8565-4735-8C52-9A7357AB9968}.Debug|x64.ActiveCfg = Debug|Any CPU
		{7BC70461-8565-4735-8C52-9A7357AB9968}.Debug|x64.Build.0 = Debug|Any CPU
		{7BC70461-8565-4735-8C52-9A7357AB9968}.Debug|x86.ActiveCfg = Debug|Any CPU
		{7BC70461-8565-4735-8C52-9A7357AB9968}.Debug|x86.Build.0 = Debug|Any CPU
		{7BC70461-8565-4735-8C52-9A7357AB9968}.Release|Any CPU.ActiveCfg = Release|Any CPU
		{7BC70461-8565-4735-8C52-9A7357AB9968}.Release|Any CPU.Build.0 = Release|Any CPU
		{7BC70461-8565-4735-8C52-9A7357AB9968}.Release|x64.ActiveCfg = Release|Any CPU
		{7BC70461-8565-4735-8C52-9A7357AB9968}.Release|x64.Build.0 = Release|Any CPU
		{7BC70461-8565-4735-8C52-9A7357AB9968}.Release|x86.ActiveCfg = Release|Any CPU
		{7BC70461-8565-4735-8C52-9A7357AB9968}.Release|x86.Build.0 = Release|Any CPU
		{6278E249-0F48-4524-ADBA-C86343AAC075}.Debug|Any CPU.ActiveCfg = Debug|Any CPU
		{6278E249-0F48-4524-ADBA-C86343AAC075}.Debug|Any CPU.Build.0 = Debug|Any CPU
		{6278E249-0F48-4524-ADBA-C86343AAC075}.Debug|x64.ActiveCfg = Debug|Any CPU
		{6278E249-0F48-4524-ADBA-C86343AAC075}.Debug|x64.Build.0 = Debug|Any CPU
		{6278E249-0F48-4524-ADBA-C86343AAC075}.Debug|x86.ActiveCfg = Debug|Any CPU
		{6278E249-0F48-4524-ADBA-C86343AAC075}.Debug|x86.Build.0 = Debug|Any CPU
		{6278E249-0F48-4524-ADBA-C86343AAC075}.Release|Any CPU.ActiveCfg = Release|Any CPU
		{6278E249-0F48-4524-ADBA-C86343AAC075}.Release|Any CPU.Build.0 = Release|Any CPU
		{6278E249-0F48-4524-ADBA-C86343AAC075}.Release|x64.ActiveCfg = Release|Any CPU
		{6278E249-0F48-4524-ADBA-C86343AAC075}.Release|x64.Build.0 = Release|Any CPU
		{6278E249-0F48-4524-ADBA-C86343AAC075}.Release|x86.ActiveCfg = Release|Any CPU
		{6278E249-0F48-4524-ADBA-C86343AAC075}.Release|x86.Build.0 = Release|Any CPU
		{554C9774-0270-4816-993F-7B82CF578970}.Debug|Any CPU.ActiveCfg = Debug|Any CPU
		{554C9774-0270-4816-993F-7B82CF578970}.Debug|Any CPU.Build.0 = Debug|Any CPU
		{554C9774-0270-4816-993F-7B82CF578970}.Debug|x64.ActiveCfg = Debug|Any CPU
		{554C9774-0270-4816-993F-7B82CF578970}.Debug|x64.Build.0 = Debug|Any CPU
		{554C9774-0270-4816-993F-7B82CF578970}.Debug|x86.ActiveCfg = Debug|Any CPU
		{554C9774-0270-4816-993F-7B82CF578970}.Debug|x86.Build.0 = Debug|Any CPU
		{554C9774-0270-4816-993F-7B82CF578970}.Release|Any CPU.ActiveCfg = Release|Any CPU
		{554C9774-0270-4816-993F-7B82CF578970}.Release|Any CPU.Build.0 = Release|Any CPU
		{554C9774-0270-4816-993F-7B82CF578970}.Release|x64.ActiveCfg = Release|Any CPU
		{554C9774-0270-4816-993F-7B82CF578970}.Release|x64.Build.0 = Release|Any CPU
		{554C9774-0270-4816-993F-7B82CF578970}.Release|x86.ActiveCfg = Release|Any CPU
		{554C9774-0270-4816-993F-7B82CF578970}.Release|x86.Build.0 = Release|Any CPU
	EndGlobalSection
	GlobalSection(SolutionProperties) = preSolution
		HideSolutionNode = FALSE
	EndGlobalSection
EndGlobal
